
Microsoft Visual Studio Solution File, Format Version 12.00
# Visual Studio Version 16
VisualStudioVersion = 16.0.30330.147
MinimumVisualStudioVersion = 10.0.40219.1
Project("{FAE04EC0-301F-11D3-BF4B-00C04F79EFBC}") = "AMONIC_4", "AMONIC_4\AMONIC_4.csproj", "{6E34127C-FCB6-4983-A3A4-7AC453AEAAF5}"
EndProject
Project("{2150E333-8FDC-42A3-9474-1A3956D46DE8}") = "Solution Items", "Solution Items", "{170F01CF-CB69-4438-B2C3-3CA3B653BA3B}"
	ProjectSection(SolutionItems) = preProject
		C:\Users\negor\OneDrive\Рабочий стол\Общие ресы\Images\DS2017_TP09_2_colors_with_bg@2x.png = C:\Users\negor\OneDrive\Рабочий стол\Общие ресы\Images\DS2017_TP09_2_colors_with_bg@2x.png
		C:\Users\negor\OneDrive\Рабочий стол\Общие ресы\Images\DS2017_TP09_color@2x.png = C:\Users\negor\OneDrive\Рабочий стол\Общие ресы\Images\DS2017_TP09_color@2x.png
	EndProjectSection
EndProject
Global
	GlobalSection(SolutionConfigurationPlatforms) = preSolution
		Debug|Any CPU = Debug|Any CPU
		Release|Any CPU = Release|Any CPU
	EndGlobalSection
	GlobalSection(ProjectConfigurationPlatforms) = postSolution
		{6E34127C-FCB6-4983-A3A4-7AC453AEAAF5}.Debug|Any CPU.ActiveCfg = Debug|Any CPU
		{6E34127C-FCB6-4983-A3A4-7AC453AEAAF5}.Debug|Any CPU.Build.0 = Debug|Any CPU
		{6E34127C-FCB6-4983-A3A4-7AC453AEAAF5}.Release|Any CPU.ActiveCfg = Release|Any CPU
		{6E34127C-FCB6-4983-A3A4-7AC453AEAAF5}.Release|Any CPU.Build.0 = Release|Any CPU
	EndGlobalSection
	GlobalSection(SolutionProperties) = preSolution
		HideSolutionNode = FALSE
	EndGlobalSection
	GlobalSection(ExtensibilityGlobals) = postSolution
		SolutionGuid = {6833D59E-D4BB-4918-919D-23E80BF8A0BC}
	EndGlobalSection
EndGlobal
